// !$*UTF8*$!
{
	archiveVersion = 1;
	classes = {
	};
	objectVersion = 56;
	objects = {

/* Begin PBXBuildFile section */
		D77AB8542A5D51BB000A7C3D /* AVAudioPlayerApp.swift in Sources */ = {isa = PBXBuildFile; fileRef = D77AB8532A5D51BB000A7C3D /* AVAudioPlayerApp.swift */; };
		D77AB8562A5D51BB000A7C3D /* ContentView.swift in Sources */ = {isa = PBXBuildFile; fileRef = D77AB8552A5D51BB000A7C3D /* ContentView.swift */; };
		D77AB8582A5D51BC000A7C3D /* Assets.xcassets in Resources */ = {isa = PBXBuildFile; fileRef = D77AB8572A5D51BC000A7C3D /* Assets.xcassets */; };
		D77AB85B2A5D51BC000A7C3D /* Preview Assets.xcassets in Resources */ = {isa = PBXBuildFile; fileRef = D77AB85A2A5D51BC000A7C3D /* Preview Assets.xcassets */; };
		D77AB8652A5D51BC000A7C3D /* AVAudioPlayerTests.swift in Sources */ = {isa = PBXBuildFile; fileRef = D77AB8642A5D51BC000A7C3D /* AVAudioPlayerTests.swift */; };
		D77AB86F2A5D51BC000A7C3D /* AVAudioPlayerUITests.swift in Sources */ = {isa = PBXBuildFile; fileRef = D77AB86E2A5D51BC000A7C3D /* AVAudioPlayerUITests.swift */; };
		D77AB8712A5D51BC000A7C3D /* AVAudioPlayerUITestsLaunchTests.swift in Sources */ = {isa = PBXBuildFile; fileRef = D77AB8702A5D51BC000A7C3D /* AVAudioPlayerUITestsLaunchTests.swift */; };
		D77AB87F2A5D552E000A7C3D /* AudioPlayerViewModel.swift in Sources */ = {isa = PBXBuildFile; fileRef = D77AB87E2A5D552E000A7C3D /* AudioPlayerViewModel.swift */; };
/* End PBXBuildFile section */

/* Begin PBXContainerItemProxy section */
		D77AB8612A5D51BC000A7C3D /* PBXContainerItemProxy */ = {
			isa = PBXContainerItemProxy;
			containerPortal = D77AB8482A5D51BB000A7C3D /* Project object */;
			proxyType = 1;
			remoteGlobalIDString = D77AB84F2A5D51BB000A7C3D;
			remoteInfo = AVAudioPlayer;
		};
		D77AB86B2A5D51BC000A7C3D /* PBXContainerItemProxy */ = {
			isa = PBXContainerItemProxy;
			containerPortal = D77AB8482A5D51BB000A7C3D /* Project object */;
			proxyType = 1;
			remoteGlobalIDString = D77AB84F2A5D51BB000A7C3D;
			remoteInfo = AVAudioPlayer;
		};
/* End PBXContainerItemProxy section */

/* Begin PBXFileReference section */
		D77AB8502A5D51BB000A7C3D /* AVAudioPlayer.app */ = {isa = PBXFileReference; explicitFileType = wrapper.application; includeInIndex = 0; path = AVAudioPlayer.app; sourceTree = BUILT_PRODUCTS_DIR; };
		D77AB8532A5D51BB000A7C3D /* AVAudioPlayerApp.swift */ = {isa = PBXFileReference; lastKnownFileType = sourcecode.swift; path = AVAudioPlayerApp.swift; sourceTree = "<group>"; };
		D77AB8552A5D51BB000A7C3D /* ContentView.swift */ = {isa = PBXFileReference; lastKnownFileType = sourcecode.swift; path = ContentView.swift; sourceTree = "<group>"; };
		D77AB8572A5D51BC000A7C3D /* Assets.xcassets */ = {isa = PBXFileReference; lastKnownFileType = folder.assetcatalog; path = Assets.xcassets; sourceTree = "<group>"; };
		D77AB85A2A5D51BC000A7C3D /* Preview Assets.xcassets */ = {isa = PBXFileReference; lastKnownFileType = folder.assetcatalog; path = "Preview Assets.xcassets"; sourceTree = "<group>"; };
		D77AB8602A5D51BC000A7C3D /* AVAudioPlayerTests.xctest */ = {isa = PBXFileReference; explicitFileType = wrapper.cfbundle; includeInIndex = 0; path = AVAudioPlayerTests.xctest; sourceTree = BUILT_PRODUCTS_DIR; };
		D77AB8642A5D51BC000A7C3D /* AVAudioPlayerTests.swift */ = {isa = PBXFileReference; lastKnownFileType = sourcecode.swift; path = AVAudioPlayerTests.swift; sourceTree = "<group>"; };
		D77AB86A2A5D51BC000A7C3D /* AVAudioPlayerUITests.xctest */ = {isa = PBXFileReference; explicitFileType = wrapper.cfbundle; includeInIndex = 0; path = AVAudioPlayerUITests.xctest; sourceTree = BUILT_PRODUCTS_DIR; };
		D77AB86E2A5D51BC000A7C3D /* AVAudioPlayerUITests.swift */ = {isa = PBXFileReference; lastKnownFileType = sourcecode.swift; path = AVAudioPlayerUITests.swift; sourceTree = "<group>"; };
		D77AB8702A5D51BC000A7C3D /* AVAudioPlayerUITestsLaunchTests.swift */ = {isa = PBXFileReference; lastKnownFileType = sourcecode.swift; path = AVAudioPlayerUITestsLaunchTests.swift; sourceTree = "<group>"; };
		D77AB87E2A5D552E000A7C3D /* AudioPlayerViewModel.swift */ = {isa = PBXFileReference; lastKnownFileType = sourcecode.swift; path = AudioPlayerViewModel.swift; sourceTree = "<group>"; };
/* End PBXFileReference section */

/* Begin PBXFrameworksBuildPhase section */
		D77AB84D2A5D51BB000A7C3D /* Frameworks */ = {
			isa = PBXFrameworksBuildPhase;
			buildActionMask = 2147483647;
			files = (
			);
			runOnlyForDeploymentPostprocessing = 0;
		};
		D77AB85D2A5D51BC000A7C3D /* Frameworks */ = {
			isa = PBXFrameworksBuildPhase;
			buildActionMask = 2147483647;
			files = (
			);
			runOnlyForDeploymentPostprocessing = 0;
		};
		D77AB8672A5D51BC000A7C3D /* Frameworks */ = {
			isa = PBXFrameworksBuildPhase;
			buildActionMask = 2147483647;
			files = (
			);
			runOnlyForDeploymentPostprocessing = 0;
		};
/* End PBXFrameworksBuildPhase section */

/* Begin PBXGroup section */
		D77AB8472A5D51BB000A7C3D = {
			isa = PBXGroup;
			children = (
				D77AB8522A5D51BB000A7C3D /* AVAudioPlayer */,
				D77AB8632A5D51BC000A7C3D /* AVAudioPlayerTests */,
				D77AB86D2A5D51BC000A7C3D /* AVAudioPlayerUITests */,
				D77AB8512A5D51BB000A7C3D /* Products */,
			);
			sourceTree = "<group>";
		};
		D77AB8512A5D51BB000A7C3D /* Products */ = {
			isa = PBXGroup;
			children = (
				D77AB8502A5D51BB000A7C3D /* AVAudioPlayer.app */,
				D77AB8602A5D51BC000A7C3D /* AVAudioPlayerTests.xctest */,
				D77AB86A2A5D51BC000A7C3D /* AVAudioPlayerUITests.xctest */,
			);
			name = Products;
			sourceTree = "<group>";
		};
		D77AB8522A5D51BB000A7C3D /* AVAudioPlayer */ = {
			isa = PBXGroup;
			children = (
				D77AB87D2A5D5521000A7C3D /* vViewModel */,
				D77AB8532A5D51BB000A7C3D /* AVAudioPlayerApp.swift */,
				D77AB8552A5D51BB000A7C3D /* ContentView.swift */,
				D77AB8572A5D51BC000A7C3D /* Assets.xcassets */,
				D77AB8592A5D51BC000A7C3D /* Preview Content */,
			);
			path = AVAudioPlayer;
			sourceTree = "<group>";
		};
		D77AB8592A5D51BC000A7C3D /* Preview Content */ = {
			isa = PBXGroup;
			children = (
				D77AB85A2A5D51BC000A7C3D /* Preview Assets.xcassets */,
			);
			path = "Preview Content";
			sourceTree = "<group>";
		};
		D77AB8632A5D51BC000A7C3D /* AVAudioPlayerTests */ = {
			isa = PBXGroup;
			children = (
				D77AB8642A5D51BC000A7C3D /* AVAudioPlayerTests.swift */,
			);
			path = AVAudioPlayerTests;
			sourceTree = "<group>";
		};
		D77AB86D2A5D51BC000A7C3D /* AVAudioPlayerUITests */ = {
			isa = PBXGroup;
			children = (
				D77AB86E2A5D51BC000A7C3D /* AVAudioPlayerUITests.swift */,
				D77AB8702A5D51BC000A7C3D /* AVAudioPlayerUITestsLaunchTests.swift */,
			);
			path = AVAudioPlayerUITests;
			sourceTree = "<group>";
		};
		D77AB87D2A5D5521000A7C3D /* vViewModel */ = {
			isa = PBXGroup;
			children = (
				D77AB87E2A5D552E000A7C3D /* AudioPlayerViewModel.swift */,
			);
			path = vViewModel;
			sourceTree = "<group>";
		};
/* End PBXGroup section */

/* Begin PBXNativeTarget section */
		D77AB84F2A5D51BB000A7C3D /* AVAudioPlayer */ = {
			isa = PBXNativeTarget;
			buildConfigurationList = D77AB8742A5D51BC000A7C3D /* Build configuration list for PBXNativeTarget "AVAudioPlayer" */;
			buildPhases = (
				D77AB84C2A5D51BB000A7C3D /* Sources */,
				D77AB84D2A5D51BB000A7C3D /* Frameworks */,
				D77AB84E2A5D51BB000A7C3D /* Resources */,
			);
			buildRules = (
			);
			dependencies = (
			);
			name = AVAudioPlayer;
			productName = AVAudioPlayer;
			productReference = D77AB8502A5D51BB000A7C3D /* AVAudioPlayer.app */;
			productType = "com.apple.product-type.application";
		};
		D77AB85F2A5D51BC000A7C3D /* AVAudioPlayerTests */ = {
			isa = PBXNativeTarget;
			buildConfigurationList = D77AB8772A5D51BC000A7C3D /* Build configuration list for PBXNativeTarget "AVAudioPlayerTests" */;
			buildPhases = (
				D77AB85C2A5D51BC000A7C3D /* Sources */,
				D77AB85D2A5D51BC000A7C3D /* Frameworks */,
				D77AB85E2A5D51BC000A7C3D /* Resources */,
			);
			buildRules = (
			);
			dependencies = (
				D77AB8622A5D51BC000A7C3D /* PBXTargetDependency */,
			);
			name = AVAudioPlayerTests;
			productName = AVAudioPlayerTests;
			productReference = D77AB8602A5D51BC000A7C3D /* AVAudioPlayerTests.xctest */;
			productType = "com.apple.product-type.bundle.unit-test";
		};
		D77AB8692A5D51BC000A7C3D /* AVAudioPlayerUITests */ = {
			isa = PBXNativeTarget;
			buildConfigurationList = D77AB87A2A5D51BC000A7C3D /* Build configuration list for PBXNativeTarget "AVAudioPlayerUITests" */;
			buildPhases = (
				D77AB8662A5D51BC000A7C3D /* Sources */,
				D77AB8672A5D51BC000A7C3D /* Frameworks */,
				D77AB8682A5D51BC000A7C3D /* Resources */,
			);
			buildRules = (
			);
			dependencies = (
				D77AB86C2A5D51BC000A7C3D /* PBXTargetDependency */,
			);
			name = AVAudioPlayerUITests;
			productName = AVAudioPlayerUITests;
			productReference = D77AB86A2A5D51BC000A7C3D /* AVAudioPlayerUITests.xctest */;
			productType = "com.apple.product-type.bundle.ui-testing";
		};
/* End PBXNativeTarget section */

/* Begin PBXProject section */
		D77AB8482A5D51BB000A7C3D /* Project object */ = {
			isa = PBXProject;
			attributes = {
				BuildIndependentTargetsInParallel = 1;
				LastSwiftUpdateCheck = 1430;
				LastUpgradeCheck = 1430;
				TargetAttributes = {
					D77AB84F2A5D51BB000A7C3D = {
						CreatedOnToolsVersion = 14.3.1;
					};
					D77AB85F2A5D51BC000A7C3D = {
						CreatedOnToolsVersion = 14.3.1;
						TestTargetID = D77AB84F2A5D51BB000A7C3D;
					};
					D77AB8692A5D51BC000A7C3D = {
						CreatedOnToolsVersion = 14.3.1;
						TestTargetID = D77AB84F2A5D51BB000A7C3D;
					};
				};
			};
			buildConfigurationList = D77AB84B2A5D51BB000A7C3D /* Build configuration list for PBXProject "AVAudioPlayer" */;
			compatibilityVersion = "Xcode 14.0";
			developmentRegion = en;
			hasScannedForEncodings = 0;
			knownRegions = (
				en,
				Base,
			);
			mainGroup = D77AB8472A5D51BB000A7C3D;
			productRefGroup = D77AB8512A5D51BB000A7C3D /* Products */;
			projectDirPath = "";
			projectRoot = "";
			targets = (
				D77AB84F2A5D51BB000A7C3D /* AVAudioPlayer */,
				D77AB85F2A5D51BC000A7C3D /* AVAudioPlayerTests */,
				D77AB8692A5D51BC000A7C3D /* AVAudioPlayerUITests */,
			);
		};
/* End PBXProject section */

/* Begin PBXResourcesBuildPhase section */
		D77AB84E2A5D51BB000A7C3D /* Resources */ = {
			isa = PBXResourcesBuildPhase;
			buildActionMask = 2147483647;
			files = (
				D77AB85B2A5D51BC000A7C3D /* Preview Assets.xcassets in Resources */,
				D77AB8582A5D51BC000A7C3D /* Assets.xcassets in Resources */,
			);
			runOnlyForDeploymentPostprocessing = 0;
		};
		D77AB85E2A5D51BC000A7C3D /* Resources */ = {
			isa = PBXResourcesBuildPhase;
			buildActionMask = 2147483647;
			files = (
			);
			runOnlyForDeploymentPostprocessing = 0;
		};
		D77AB8682A5D51BC000A7C3D /* Resources */ = {
			isa = PBXResourcesBuildPhase;
			buildActionMask = 2147483647;
			files = (
			);
			runOnlyForDeploymentPostprocessing = 0;
		};
/* End PBXResourcesBuildPhase section */

/* Begin PBXSourcesBuildPhase section */
		D77AB84C2A5D51BB000A7C3D /* Sources */ = {
			isa = PBXSourcesBuildPhase;
			buildActionMask = 2147483647;
			files = (
				D77AB8562A5D51BB000A7C3D /* ContentView.swift in Sources */,
				D77AB87F2A5D552E000A7C3D /* AudioPlayerViewModel.swift in Sources */,
				D77AB8542A5D51BB000A7C3D /* AVAudioPlayerApp.swift in Sources */,
			);
			runOnlyForDeploymentPostprocessing = 0;
		};
		D77AB85C2A5D51BC000A7C3D /* Sources */ = {
			isa = PBXSourcesBuildPhase;
			buildActionMask = 2147483647;
			files = (
				D77AB8652A5D51BC000A7C3D /* AVAudioPlayerTests.swift in Sources */,
			);
			runOnlyForDeploymentPostprocessing = 0;
		};
		D77AB8662A5D51BC000A7C3D /* Sources */ = {
			isa = PBXSourcesBuildPhase;
			buildActionMask = 2147483647;
			files = (
				D77AB86F2A5D51BC000A7C3D /* AVAudioPlayerUITests.swift in Sources */,
				D77AB8712A5D51BC000A7C3D /* AVAudioPlayerUITestsLaunchTests.swift in Sources */,
			);
			runOnlyForDeploymentPostprocessing = 0;
		};
/* End PBXSourcesBuildPhase section */

/* Begin PBXTargetDependency section */
		D77AB8622A5D51BC000A7C3D /* PBXTargetDependency */ = {
			isa = PBXTargetDependency;
			target = D77AB84F2A5D51BB000A7C3D /* AVAudioPlayer */;
			targetProxy = D77AB8612A5D51BC000A7C3D /* PBXContainerItemProxy */;
		};
		D77AB86C2A5D51BC000A7C3D /* PBXTargetDependency */ = {
			isa = PBXTargetDependency;
			target = D77AB84F2A5D51BB000A7C3D /* AVAudioPlayer */;
			targetProxy = D77AB86B2A5D51BC000A7C3D /* PBXContainerItemProxy */;
		};
/* End PBXTargetDependency section */

/* Begin XCBuildConfiguration section */
		D77AB8722A5D51BC000A7C3D /* Debug */ = {
			isa = XCBuildConfiguration;
			buildSettings = {
				ALWAYS_SEARCH_USER_PATHS = NO;
				CLANG_ANALYZER_NONNULL = YES;
				CLANG_ANALYZER_NUMBER_OBJECT_CONVERSION = YES_AGGRESSIVE;
				CLANG_CXX_LANGUAGE_STANDARD = "gnu++20";
				CLANG_ENABLE_MODULES = YES;
				CLANG_ENABLE_OBJC_ARC = YES;
				CLANG_ENABLE_OBJC_WEAK = YES;
				CLANG_WARN_BLOCK_CAPTURE_AUTORELEASING = YES;
				CLANG_WARN_BOOL_CONVERSION = YES;
				CLANG_WARN_COMMA = YES;
				CLANG_WARN_CONSTANT_CONVERSION = YES;
				CLANG_WARN_DEPRECATED_OBJC_IMPLEMENTATIONS = YES;
				CLANG_WARN_DIRECT_OBJC_ISA_USAGE = YES_ERROR;
				CLANG_WARN_DOCUMENTATION_COMMENTS = YES;
				CLANG_WARN_EMPTY_BODY = YES;
				CLANG_WARN_ENUM_CONVERSION = YES;
				CLANG_WARN_INFINITE_RECURSION = YES;
				CLANG_WARN_INT_CONVERSION = YES;
				CLANG_WARN_NON_LITERAL_NULL_CONVERSION = YES;
				CLANG_WARN_OBJC_IMPLICIT_RETAIN_SELF = YES;
				CLANG_WARN_OBJC_LITERAL_CONVERSION = YES;
				CLANG_WARN_OBJC_ROOT_CLASS = YES_ERROR;
				CLANG_WARN_QUOTED_INCLUDE_IN_FRAMEWORK_HEADER = YES;
				CLANG_WARN_RANGE_LOOP_ANALYSIS = YES;
				CLANG_WARN_STRICT_PROTOTYPES = YES;
				CLANG_WARN_SUSPICIOUS_MOVE = YES;
				CLANG_WARN_UNGUARDED_AVAILABILITY = YES_AGGRESSIVE;
				CLANG_WARN_UNREACHABLE_CODE = YES;
				CLANG_WARN__DUPLICATE_METHOD_MATCH = YES;
				COPY_PHASE_STRIP = NO;
				DEBUG_INFORMATION_FORMAT = dwarf;
				ENABLE_STRICT_OBJC_MSGSEND = YES;
				ENABLE_TESTABILITY = YES;
				GCC_C_LANGUAGE_STANDARD = gnu11;
				GCC_DYNAMIC_NO_PIC = NO;
				GCC_NO_COMMON_BLOCKS = YES;
				GCC_OPTIMIZATION_LEVEL = 0;
				GCC_PREPROCESSOR_DEFINITIONS = (
					"DEBUG=1",
					"$(inherited)",
				);
				GCC_WARN_64_TO_32_BIT_CONVERSION = YES;
				GCC_WARN_ABOUT_RETURN_TYPE = YES_ERROR;
				GCC_WARN_UNDECLARED_SELECTOR = YES;
				GCC_WARN_UNINITIALIZED_AUTOS = YES_AGGRESSIVE;
				GCC_WARN_UNUSED_FUNCTION = YES;
				GCC_WARN_UNUSED_VARIABLE = YES;
				IPHONEOS_DEPLOYMENT_TARGET = 16.4;
				MTL_ENABLE_DEBUG_INFO = INCLUDE_SOURCE;
				MTL_FAST_MATH = YES;
				ONLY_ACTIVE_ARCH = YES;
				SDKROOT = iphoneos;
				SWIFT_ACTIVE_COMPILATION_CONDITIONS = DEBUG;
				SWIFT_OPTIMIZATION_LEVEL = "-Onone";
			};
			name = Debug;
		};
		D77AB8732A5D51BC000A7C3D /* Release */ = {
			isa = XCBuildConfiguration;
			buildSettings = {
				ALWAYS_SEARCH_USER_PATHS = NO;
				CLANG_ANALYZER_NONNULL = YES;
				CLANG_ANALYZER_NUMBER_OBJECT_CONVERSION = YES_AGGRESSIVE;
				CLANG_CXX_LANGUAGE_STANDARD = "gnu++20";
				CLANG_ENABLE_MODULES = YES;
				CLANG_ENABLE_OBJC_ARC = YES;
				CLANG_ENABLE_OBJC_WEAK = YES;
				CLANG_WARN_BLOCK_CAPTURE_AUTORELEASING = YES;
				CLANG_WARN_BOOL_CONVERSION = YES;
				CLANG_WARN_COMMA = YES;
				CLANG_WARN_CONSTANT_CONVERSION = YES;
				CLANG_WARN_DEPRECATED_OBJC_IMPLEMENTATIONS = YES;
				CLANG_WARN_DIRECT_OBJC_ISA_USAGE = YES_ERROR;
				CLANG_WARN_DOCUMENTATION_COMMENTS = YES;
				CLANG_WARN_EMPTY_BODY = YES;
				CLANG_WARN_ENUM_CONVERSION = YES;
				CLANG_WARN_INFINITE_RECURSION = YES;
				CLANG_WARN_INT_CONVERSION = YES;
				CLANG_WARN_NON_LITERAL_NULL_CONVERSION = YES;
				CLANG_WARN_OBJC_IMPLICIT_RETAIN_SELF = YES;
				CLANG_WARN_OBJC_LITERAL_CONVERSION = YES;
				CLANG_WARN_OBJC_ROOT_CLASS = YES_ERROR;
				CLANG_WARN_QUOTED_INCLUDE_IN_FRAMEWORK_HEADER = YES;
				CLANG_WARN_RANGE_LOOP_ANALYSIS = YES;
				CLANG_WARN_STRICT_PROTOTYPES = YES;
				CLANG_WARN_SUSPICIOUS_MOVE = YES;
				CLANG_WARN_UNGUARDED_AVAILABILITY = YES_AGGRESSIVE;
				CLANG_WARN_UNREACHABLE_CODE = YES;
				CLANG_WARN__DUPLICATE_METHOD_MATCH = YES;
				COPY_PHASE_STRIP = NO;
				DEBUG_INFORMATION_FORMAT = "dwarf-with-dsym";
				ENABLE_NS_ASSERTIONS = NO;
				ENABLE_STRICT_OBJC_MSGSEND = YES;
				GCC_C_LANGUAGE_STANDARD = gnu11;
				GCC_NO_COMMON_BLOCKS = YES;
				GCC_WARN_64_TO_32_BIT_CONVERSION = YES;
				GCC_WARN_ABOUT_RETURN_TYPE = YES_ERROR;
				GCC_WARN_UNDECLARED_SELECTOR = YES;
				GCC_WARN_UNINITIALIZED_AUTOS = YES_AGGRESSIVE;
				GCC_WARN_UNUSED_FUNCTION = YES;
				GCC_WARN_UNUSED_VARIABLE = YES;
				IPHONEOS_DEPLOYMENT_TARGET = 16.4;
				MTL_ENABLE_DEBUG_INFO = NO;
				MTL_FAST_MATH = YES;
				SDKROOT = iphoneos;
				SWIFT_COMPILATION_MODE = wholemodule;
				SWIFT_OPTIMIZATION_LEVEL = "-O";
				VALIDATE_PRODUCT = YES;
			};
			name = Release;
		};
		D77AB8752A5D51BC000A7C3D /* Debug */ = {
			isa = XCBuildConfiguration;
			buildSettings = {
				ASSETCATALOG_COMPILER_APPICON_NAME = AppIcon;
				ASSETCATALOG_COMPILER_GLOBAL_ACCENT_COLOR_NAME = AccentColor;
				CODE_SIGN_STYLE = Automatic;
				CURRENT_PROJECT_VERSION = 1;
				DEVELOPMENT_ASSET_PATHS = "\"AVAudioPlayer/Preview Content\"";
				ENABLE_PREVIEWS = YES;
				GENERATE_INFOPLIST_FILE = YES;
				INFOPLIST_KEY_UIApplicationSceneManifest_Generation = YES;
				INFOPLIST_KEY_UIApplicationSupportsIndirectInputEvents = YES;
				INFOPLIST_KEY_UILaunchScreen_Generation = YES;
				INFOPLIST_KEY_UISupportedInterfaceOrientations_iPad = "UIInterfaceOrientationPortrait UIInterfaceOrientationPortraitUpsideDown UIInterfaceOrientationLandscapeLeft UIInterfaceOrientationLandscapeRight";
				INFOPLIST_KEY_UISupportedInterfaceOrientations_iPhone = "UIInterfaceOrientationPortrait UIInterfaceOrientationLandscapeLeft UIInterfaceOrientationLandscapeRight";
				LD_RUNPATH_SEARCH_PATHS = (
					"$(inherited)",
					"@executable_path/Frameworks",
				);
				MARKETING_VERSION = 1.0;
				PRODUCT_BUNDLE_IDENTIFIER = com.syntax.hemmerich.AVAudioPlayer;
				PRODUCT_NAME = "$(TARGET_NAME)";
				SWIFT_EMIT_LOC_STRINGS = YES;
				SWIFT_VERSION = 5.0;
				TARGETED_DEVICE_FAMILY = "1,2";
			};
			name = Debug;
		};
		D77AB8762A5D51BC000A7C3D /* Release */ = {
			isa = XCBuildConfiguration;
			buildSettings = {
				ASSETCATALOG_COMPILER_APPICON_NAME = AppIcon;
				ASSETCATALOG_COMPILER_GLOBAL_ACCENT_COLOR_NAME = AccentColor;
				CODE_SIGN_STYLE = Automatic;
				CURRENT_PROJECT_VERSION = 1;
				DEVELOPMENT_ASSET_PATHS = "\"AVAudioPlayer/Preview Content\"";
				ENABLE_PREVIEWS = YES;
				GENERATE_INFOPLIST_FILE = YES;
				INFOPLIST_KEY_UIApplicationSceneManifest_Generation = YES;
				INFOPLIST_KEY_UIApplicationSupportsIndirectInputEvents = YES;
				INFOPLIST_KEY_UILaunchScreen_Generation = YES;
				INFOPLIST_KEY_UISupportedInterfaceOrientations_iPad = "UIInterfaceOrientationPortrait UIInterfaceOrientationPortraitUpsideDown UIInterfaceOrientationLandscapeLeft UIInterfaceOrientationLandscapeRight";
				INFOPLIST_KEY_UISupportedInterfaceOrientations_iPhone = "UIInterfaceOrientationPortrait UIInterfaceOrientationLandscapeLeft UIInterfaceOrientationLandscapeRight";
				LD_RUNPATH_SEARCH_PATHS = (
					"$(inherited)",
					"@executable_path/Frameworks",
				);
				MARKETING_VERSION = 1.0;
				PRODUCT_BUNDLE_IDENTIFIER = com.syntax.hemmerich.AVAudioPlayer;
				PRODUCT_NAME = "$(TARGET_NAME)";
				SWIFT_EMIT_LOC_STRINGS = YES;
				SWIFT_VERSION = 5.0;
				TARGETED_DEVICE_FAMILY = "1,2";
			};
			name = Release;
		};
		D77AB8782A5D51BC000A7C3D /* Debug */ = {
			isa = XCBuildConfiguration;
			buildSettings = {
				ALWAYS_EMBED_SWIFT_STANDARD_LIBRARIES = YES;
				BUNDLE_LOADER = "$(TEST_HOST)";
				CODE_SIGN_STYLE = Automatic;
				CURRENT_PROJECT_VERSION = 1;
				GENERATE_INFOPLIST_FILE = YES;
				IPHONEOS_DEPLOYMENT_TARGET = 16.4;
				MARKETING_VERSION = 1.0;
				PRODUCT_BUNDLE_IDENTIFIER = com.syntax.hemmerich.AVAudioPlayerTests;
				PRODUCT_NAME = "$(TARGET_NAME)";
				SWIFT_EMIT_LOC_STRINGS = NO;
				SWIFT_VERSION = 5.0;
				TARGETED_DEVICE_FAMILY = "1,2";
				TEST_HOST = "$(BUILT_PRODUCTS_DIR)/AVAudioPlayer.app/$(BUNDLE_EXECUTABLE_FOLDER_PATH)/AVAudioPlayer";
			};
			name = Debug;
		};
		D77AB8792A5D51BC000A7C3D /* Release */ = {
			isa = XCBuildConfiguration;
			buildSettings = {
				ALWAYS_EMBED_SWIFT_STANDARD_LIBRARIES = YES;
				BUNDLE_LOADER = "$(TEST_HOST)";
				CODE_SIGN_STYLE = Automatic;
				CURRENT_PROJECT_VERSION = 1;
				GENERATE_INFOPLIST_FILE = YES;
				IPHONEOS_DEPLOYMENT_TARGET = 16.4;
				MARKETING_VERSION = 1.0;
				PRODUCT_BUNDLE_IDENTIFIER = com.syntax.hemmerich.AVAudioPlayerTests;
				PRODUCT_NAME = "$(TARGET_NAME)";
				SWIFT_EMIT_LOC_STRINGS = NO;
				SWIFT_VERSION = 5.0;
				TARGETED_DEVICE_FAMILY = "1,2";
				TEST_HOST = "$(BUILT_PRODUCTS_DIR)/AVAudioPlayer.app/$(BUNDLE_EXECUTABLE_FOLDER_PATH)/AVAudioPlayer";
			};
			name = Release;
		};
		D77AB87B2A5D51BC000A7C3D /* Debug */ = {
			isa = XCBuildConfiguration;
			buildSettings = {
				ALWAYS_EMBED_SWIFT_STANDARD_LIBRARIES = YES;
				CODE_SIGN_STYLE = Automatic;
				CURRENT_PROJECT_VERSION = 1;
				GENERATE_INFOPLIST_FILE = YES;
				MARKETING_VERSION = 1.0;
				PRODUCT_BUNDLE_IDENTIFIER = com.syntax.hemmerich.AVAudioPlayerUITests;
				PRODUCT_NAME = "$(TARGET_NAME)";
				SWIFT_EMIT_LOC_STRINGS = NO;
				SWIFT_VERSION = 5.0;
				TARGETED_DEVICE_FAMILY = "1,2";
				TEST_TARGET_NAME = AVAudioPlayer;
			};
			name = Debug;
		};
		D77AB87C2A5D51BC000A7C3D /* Release */ = {
			isa = XCBuildConfiguration;
			buildSettings = {
				ALWAYS_EMBED_SWIFT_STANDARD_LIBRARIES = YES;
				CODE_SIGN_STYLE = Automatic;
				CURRENT_PROJECT_VERSION = 1;
				GENERATE_INFOPLIST_FILE = YES;
				MARKETING_VERSION = 1.0;
				PRODUCT_BUNDLE_IDENTIFIER = com.syntax.hemmerich.AVAudioPlayerUITests;
				PRODUCT_NAME = "$(TARGET_NAME)";
				SWIFT_EMIT_LOC_STRINGS = NO;
				SWIFT_VERSION = 5.0;
				TARGETED_DEVICE_FAMILY = "1,2";
				TEST_TARGET_NAME = AVAudioPlayer;
			};
			name = Release;
		};
/* End XCBuildConfiguration section */

/* Begin XCConfigurationList section */
		D77AB84B2A5D51BB000A7C3D /* Build configuration list for PBXProject "AVAudioPlayer" */ = {
			isa = XCConfigurationList;
			buildConfigurations = (
				D77AB8722A5D51BC000A7C3D /* Debug */,
				D77AB8732A5D51BC000A7C3D /* Release */,
			);
			defaultConfigurationIsVisible = 0;
			defaultConfigurationName = Release;
		};
		D77AB8742A5D51BC000A7C3D /* Build configuration list for PBXNativeTarget "AVAudioPlayer" */ = {
			isa = XCConfigurationList;
			buildConfigurations = (
				D77AB8752A5D51BC000A7C3D /* Debug */,
				D77AB8762A5D51BC000A7C3D /* Release */,
			);
			defaultConfigurationIsVisible = 0;
			defaultConfigurationName = Release;
		};
		D77AB8772A5D51BC000A7C3D /* Build configuration list for PBXNativeTarget "AVAudioPlayerTests" */ = {
			isa = XCConfigurationList;
			buildConfigurations = (
				D77AB8782A5D51BC000A7C3D /* Debug */,
				D77AB8792A5D51BC000A7C3D /* Release */,
			);
			defaultConfigurationIsVisible = 0;
			defaultConfigurationName = Release;
		};
		D77AB87A2A5D51BC000A7C3D /* Build configuration list for PBXNativeTarget "AVAudioPlayerUITests" */ = {
			isa = XCConfigurationList;
			buildConfigurations = (
				D77AB87B2A5D51BC000A7C3D /* Debug */,
				D77AB87C2A5D51BC000A7C3D /* Release */,
			);
			defaultConfigurationIsVisible = 0;
			defaultConfigurationName = Release;
		};
/* End XCConfigurationList section */
	};
	rootObject = D77AB8482A5D51BB000A7C3D /* Project object */;
}
